// !$*UTF8*$!
{
	archiveVersion = 1;
	classes = {
	};
	objectVersion = 60;
	objects = {

/* Begin PBXBuildFile section */
		01D37453566F73E270ADC4AC /* TuistBundle+MacAddLinkFeature.swift in Sources */ = {isa = PBXBuildFile; fileRef = 0F8B56FAA7A5AC683C9C9504 /* TuistBundle+MacAddLinkFeature.swift */; };
		1D5D5297F3C3F1506C4FFB6A /* App.swift in Sources */ = {isa = PBXBuildFile; fileRef = 55D071AC581F6BC3DDB4AEE6 /* App.swift */; };
		1F3A01B941C84D08A9C7B621 /* AddLinkMainContentView.swift in Sources */ = {isa = PBXBuildFile; fileRef = 7C640882A9124311B8B470AC /* AddLinkMainContentView.swift */; };
		2560F743D8CCE41B838F6982 /* AddLinkView.swift in Sources */ = {isa = PBXBuildFile; fileRef = 9A9F09155093C5A5C46F5291 /* AddLinkView.swift */; };
		2B1F0CE5972B4AFD9B892B66 /* AddLinkCategoryCard.swift in Sources */ = {isa = PBXBuildFile; fileRef = 83C82726EA3143F28A19D8C0 /* AddLinkCategoryCard.swift */; };
		36C14603C7684099B5D2E78F /* AddLinkToastViews.swift in Sources */ = {isa = PBXBuildFile; fileRef = C4D35C057ED54D29B04E2E64 /* AddLinkToastViews.swift */; };
		39D4E88012568387B1D04E51 /* Core_Core.bundle in Resources */ = {isa = PBXBuildFile; fileRef = E1C029EDF2B310920368E9E8 /* Core_Core.bundle */; };
		484BE41D5AF3CAD3370C4CC6 /* Core.framework in Frameworks */ = {isa = PBXBuildFile; fileRef = 42326CCDAD038E3E54917D25 /* Core.framework */; };
		48D484FBFB6D723634BE8A1E /* DesignSystem_DesignSystem.bundle in Resources */ = {isa = PBXBuildFile; fileRef = 414EAE793A5F9C6ED43BDF09 /* DesignSystem_DesignSystem.bundle */; };
		560063ECC665ADC32B84E825 /* Core_Core.bundle in Dependencies */ = {isa = PBXBuildFile; fileRef = E1C029EDF2B310920368E9E8 /* Core_Core.bundle */; };
		5E5DD4268958CC400F891509 /* DesignSystem.framework in Frameworks */ = {isa = PBXBuildFile; fileRef = E3CED1A6850DEDBA7DAED97E /* DesignSystem.framework */; };
		60A4A8FB205AB582F4D81011 /* MacAddLinkFeature_MacAddLinkFeature.bundle in Dependencies */ = {isa = PBXBuildFile; fileRef = 0A8F3F4DBFE88C48F32A014C /* MacAddLinkFeature_MacAddLinkFeature.bundle */; };
		68A05E1956C962BD13223D69 /* _LottieStub.framework in Frameworks */ = {isa = PBXBuildFile; fileRef = A3F0071DFD3FBC82E385D814 /* _LottieStub.framework */; };
		76E6C47D2FE13BBEE5BE349E /* Core_Core.bundle in Resources */ = {isa = PBXBuildFile; fileRef = E1C029EDF2B310920368E9E8 /* Core_Core.bundle */; };
		782E7FD9B1EE6493A8CAB421 /* _LottieStub.framework in Frameworks */ = {isa = PBXBuildFile; fileRef = A3F0071DFD3FBC82E385D814 /* _LottieStub.framework */; };
		808E073B2336868F1070C4C9 /* Core.framework in Frameworks */ = {isa = PBXBuildFile; fileRef = 42326CCDAD038E3E54917D25 /* Core.framework */; };
		8F21318426D25F0D330FEDF3 /* DesignSystem_DesignSystem.bundle in Dependencies */ = {isa = PBXBuildFile; fileRef = 414EAE793A5F9C6ED43BDF09 /* DesignSystem_DesignSystem.bundle */; };
		9069D19E11786E517AD206AA /* Lottie.xcframework in Embed Frameworks */ = {isa = PBXBuildFile; fileRef = EBD1D0E858AFBD725858922F /* Lottie.xcframework */; settings = {ATTRIBUTES = (CodeSignOnCopy, RemoveHeadersOnCopy, ); }; };
		9981FAC7982098810574911B /* DesignSystem_DesignSystem.bundle in Resources */ = {isa = PBXBuildFile; fileRef = 414EAE793A5F9C6ED43BDF09 /* DesignSystem_DesignSystem.bundle */; };
		A43AD1C5CF63FCC76D3348A9 /* MacAddLinkFeature_MacAddLinkFeature.bundle in Resources */ = {isa = PBXBuildFile; fileRef = 0A8F3F4DBFE88C48F32A014C /* MacAddLinkFeature_MacAddLinkFeature.bundle */; };
		A9557A80FE7D7D00DB9867F3 /* Core_Core.bundle in Dependencies */ = {isa = PBXBuildFile; fileRef = E1C029EDF2B310920368E9E8 /* Core_Core.bundle */; };
		AEA4B037CB69F3493C838C61 /* MacAddLinkFeature_MacAddLinkFeature.bundle in Resources */ = {isa = PBXBuildFile; fileRef = 0A8F3F4DBFE88C48F32A014C /* MacAddLinkFeature_MacAddLinkFeature.bundle */; };
		BAC23AD33036C632336810A9 /* AddLinkTests.swift in Sources */ = {isa = PBXBuildFile; fileRef = B5CBAC7E341287946B00014F /* AddLinkTests.swift */; };
		BF7FD844E3A266E1B9894AE2 /* DesignSystem_DesignSystem.bundle in Dependencies */ = {isa = PBXBuildFile; fileRef = 414EAE793A5F9C6ED43BDF09 /* DesignSystem_DesignSystem.bundle */; };
		CB17C2C86EDC840B83AE1C37 /* MacAddLinkFeature.framework in Frameworks */ = {isa = PBXBuildFile; fileRef = DF6E53642E4164C67123B6A5 /* MacAddLinkFeature.framework */; };
		CCE7046EEAD31D4EFA5CDF08 /* Core.framework in Dependencies */ = {isa = PBXBuildFile; fileRef = 42326CCDAD038E3E54917D25 /* Core.framework */; };
		D110F396C91A8C6539E08293 /* DesignSystem.framework in Frameworks */ = {isa = PBXBuildFile; fileRef = E3CED1A6850DEDBA7DAED97E /* DesignSystem.framework */; };
		D8849A4DE960E32E992E4E71 /* Lottie.xcframework in Frameworks */ = {isa = PBXBuildFile; fileRef = EBD1D0E858AFBD725858922F /* Lottie.xcframework */; };
		E2547D6DDF239F8C759D18A3 /* Lottie.xcframework in Frameworks */ = {isa = PBXBuildFile; fileRef = EBD1D0E858AFBD725858922F /* Lottie.xcframework */; };
		EB1650D67CF5BD6D3E54001F /* MacAddLinkFeature.framework in Frameworks */ = {isa = PBXBuildFile; fileRef = DF6E53642E4164C67123B6A5 /* MacAddLinkFeature.framework */; };
		EB29A87882D31CF1AB7970E3 /* MacAddLinkFeature_MacAddLinkFeature.bundle in Dependencies */ = {isa = PBXBuildFile; fileRef = 0A8F3F4DBFE88C48F32A014C /* MacAddLinkFeature_MacAddLinkFeature.bundle */; };
		FB82FDA80D484AD2C3C23D0E /* placeholder.swift in Resources */ = {isa = PBXBuildFile; fileRef = 6881ABE55B78B3324DAB6ADD /* placeholder.swift */; };
/* End PBXBuildFile section */

/* Begin PBXContainerItemProxy section */
		248AF3378773BE047C283241 /* PBXContainerItemProxy */ = {
			isa = PBXContainerItemProxy;
			containerPortal = 7A083CA5D87382C3DFC89E50 /* Project object */;
			proxyType = 1;
			remoteGlobalIDString = 6FB7CC0B21CE46E54EB13117;
			remoteInfo = MacAddLinkFeature;
		};
		3FDA09854C35535484BDFB8F /* PBXContainerItemProxy */ = {
			isa = PBXContainerItemProxy;
			containerPortal = 7A083CA5D87382C3DFC89E50 /* Project object */;
			proxyType = 1;
			remoteGlobalIDString = FF2DB6B32C622AB068EBCC7F;
			remoteInfo = MacAddLinkFeature_MacAddLinkFeature;
		};
		6228812567EC0E87D019E70A /* PBXContainerItemProxy */ = {
			isa = PBXContainerItemProxy;
			containerPortal = 7A083CA5D87382C3DFC89E50 /* Project object */;
			proxyType = 1;
			remoteGlobalIDString = 6FB7CC0B21CE46E54EB13117;
			remoteInfo = MacAddLinkFeature;
		};
/* End PBXContainerItemProxy section */

/* Begin PBXCopyFilesBuildPhase section */
		12E638A131EB24579C10147D /* Dependencies */ = {
			isa = PBXCopyFilesBuildPhase;
			buildActionMask = 8;
			dstSubfolderSpec = 16;
			files = (
				A9557A80FE7D7D00DB9867F3 /* Core_Core.bundle in Dependencies */,
				BF7FD844E3A266E1B9894AE2 /* DesignSystem_DesignSystem.bundle in Dependencies */,
				60A4A8FB205AB582F4D81011 /* MacAddLinkFeature_MacAddLinkFeature.bundle in Dependencies */,
			);
			name = Dependencies;
			runOnlyForDeploymentPostprocessing = 1;
		};
		430ECC9E34A6607B703D4520 /* Dependencies */ = {
			isa = PBXCopyFilesBuildPhase;
			buildActionMask = 8;
			dstSubfolderSpec = 16;
			files = (
				CCE7046EEAD31D4EFA5CDF08 /* Core.framework in Dependencies */,
			);
			name = Dependencies;
			runOnlyForDeploymentPostprocessing = 1;
		};
		671824C7FF0733613042F774 /* Embed Frameworks */ = {
			isa = PBXCopyFilesBuildPhase;
			buildActionMask = 2147483647;
			dstPath = "";
			dstSubfolderSpec = 10;
			files = (
			);
			name = "Embed Frameworks";
			runOnlyForDeploymentPostprocessing = 0;
		};
		859EFB3AED0C0E9BD7E9852F /* Embed Frameworks */ = {
			isa = PBXCopyFilesBuildPhase;
			buildActionMask = 2147483647;
			dstPath = "";
			dstSubfolderSpec = 10;
			files = (
				9069D19E11786E517AD206AA /* Lottie.xcframework in Embed Frameworks */,
			);
			name = "Embed Frameworks";
			runOnlyForDeploymentPostprocessing = 0;
		};
		AB84375C1C072E54406E5646 /* Dependencies */ = {
			isa = PBXCopyFilesBuildPhase;
			buildActionMask = 8;
			dstSubfolderSpec = 16;
			files = (
				560063ECC665ADC32B84E825 /* Core_Core.bundle in Dependencies */,
				8F21318426D25F0D330FEDF3 /* DesignSystem_DesignSystem.bundle in Dependencies */,
				EB29A87882D31CF1AB7970E3 /* MacAddLinkFeature_MacAddLinkFeature.bundle in Dependencies */,
			);
			name = Dependencies;
			runOnlyForDeploymentPostprocessing = 1;
		};
		D2CB607D380C65ACE608F6EE /* Embed Frameworks */ = {
			isa = PBXCopyFilesBuildPhase;
			buildActionMask = 2147483647;
			dstPath = "";
			dstSubfolderSpec = 10;
			files = (
			);
			name = "Embed Frameworks";
			runOnlyForDeploymentPostprocessing = 0;
		};
		EB223F3F42EC14D6143C154C /* Embed Frameworks */ = {
			isa = PBXCopyFilesBuildPhase;
			buildActionMask = 2147483647;
			dstPath = "";
			dstSubfolderSpec = 10;
			files = (
			);
			name = "Embed Frameworks";
			runOnlyForDeploymentPostprocessing = 0;
		};
/* End PBXCopyFilesBuildPhase section */

/* Begin PBXFileReference section */
		05214402EBFC923223261A8C /* MacAddLinkFeatureTests.xctest */ = {isa = PBXFileReference; explicitFileType = wrapper.cfbundle; includeInIndex = 0; path = MacAddLinkFeatureTests.xctest; sourceTree = BUILT_PRODUCTS_DIR; };
		0A8F3F4DBFE88C48F32A014C /* MacAddLinkFeature_MacAddLinkFeature.bundle */ = {isa = PBXFileReference; explicitFileType = wrapper.cfbundle; includeInIndex = 0; path = MacAddLinkFeature_MacAddLinkFeature.bundle; sourceTree = BUILT_PRODUCTS_DIR; };
		0D1392DF7FEE3FD8A85C262D /* Project.xcconfig */ = {isa = PBXFileReference; lastKnownFileType = text.xcconfig; path = Project.xcconfig; sourceTree = "<group>"; };
		0F8B56FAA7A5AC683C9C9504 /* TuistBundle+MacAddLinkFeature.swift */ = {isa = PBXFileReference; lastKnownFileType = sourcecode.swift; path = "TuistBundle+MacAddLinkFeature.swift"; sourceTree = "<group>"; };
		414EAE793A5F9C6ED43BDF09 /* DesignSystem_DesignSystem.bundle */ = {isa = PBXFileReference; explicitFileType = wrapper.cfbundle; includeInIndex = 0; path = DesignSystem_DesignSystem.bundle; sourceTree = BUILT_PRODUCTS_DIR; };
		42326CCDAD038E3E54917D25 /* Core.framework */ = {isa = PBXFileReference; explicitFileType = wrapper.framework; includeInIndex = 0; path = Core.framework; sourceTree = BUILT_PRODUCTS_DIR; };
		55D071AC581F6BC3DDB4AEE6 /* App.swift */ = {isa = PBXFileReference; lastKnownFileType = sourcecode.swift; path = App.swift; sourceTree = "<group>"; };
		619CB9C0E13211DDC439B82D /* MacAddLinkFeature_MacAddLinkFeature-Info.plist */ = {isa = PBXFileReference; lastKnownFileType = text.plist; path = "MacAddLinkFeature_MacAddLinkFeature-Info.plist"; sourceTree = "<group>"; };
		6881ABE55B78B3324DAB6ADD /* placeholder.swift */ = {isa = PBXFileReference; lastKnownFileType = sourcecode.swift; path = placeholder.swift; sourceTree = "<group>"; };
		6E3BCA51273D9519B8A754FE /* MacAddLinkFeature-Info.plist */ = {isa = PBXFileReference; lastKnownFileType = text.plist; path = "MacAddLinkFeature-Info.plist"; sourceTree = "<group>"; };
		7C640882A9124311B8B470AC /* AddLinkMainContentView.swift */ = {isa = PBXFileReference; lastKnownFileType = sourcecode.swift; path = AddLinkMainContentView.swift; sourceTree = "<group>"; };
		83C82726EA3143F28A19D8C0 /* AddLinkCategoryCard.swift */ = {isa = PBXFileReference; lastKnownFileType = sourcecode.swift; path = AddLinkCategoryCard.swift; sourceTree = "<group>"; };
		98A436B860A74D172EA6635F /* MacAddLinkFeatureExample.app */ = {isa = PBXFileReference; explicitFileType = wrapper.application; includeInIndex = 0; path = MacAddLinkFeatureExample.app; sourceTree = BUILT_PRODUCTS_DIR; };
		9A9F09155093C5A5C46F5291 /* AddLinkView.swift */ = {isa = PBXFileReference; lastKnownFileType = sourcecode.swift; path = AddLinkView.swift; sourceTree = "<group>"; };
		A3F0071DFD3FBC82E385D814 /* _LottieStub.framework */ = {isa = PBXFileReference; explicitFileType = wrapper.framework; includeInIndex = 0; path = _LottieStub.framework; sourceTree = BUILT_PRODUCTS_DIR; };
		B5CBAC7E341287946B00014F /* AddLinkTests.swift */ = {isa = PBXFileReference; lastKnownFileType = sourcecode.swift; path = AddLinkTests.swift; sourceTree = "<group>"; };
		B79D9FE8A6B18B4EF1BEE0DB /* MacAddLinkFeatureExample-Info.plist */ = {isa = PBXFileReference; lastKnownFileType = text.plist; path = "MacAddLinkFeatureExample-Info.plist"; sourceTree = "<group>"; };
		C4D35C057ED54D29B04E2E64 /* AddLinkToastViews.swift */ = {isa = PBXFileReference; lastKnownFileType = sourcecode.swift; path = AddLinkToastViews.swift; sourceTree = "<group>"; };
		DF6E53642E4164C67123B6A5 /* MacAddLinkFeature.framework */ = {isa = PBXFileReference; explicitFileType = wrapper.framework; includeInIndex = 0; path = MacAddLinkFeature.framework; sourceTree = BUILT_PRODUCTS_DIR; };
		E1C029EDF2B310920368E9E8 /* Core_Core.bundle */ = {isa = PBXFileReference; explicitFileType = wrapper.cfbundle; includeInIndex = 0; path = Core_Core.bundle; sourceTree = BUILT_PRODUCTS_DIR; };
		E3CED1A6850DEDBA7DAED97E /* DesignSystem.framework */ = {isa = PBXFileReference; explicitFileType = wrapper.framework; includeInIndex = 0; path = DesignSystem.framework; sourceTree = BUILT_PRODUCTS_DIR; };
		EBD1D0E858AFBD725858922F /* Lottie.xcframework */ = {isa = PBXFileReference; expectedSignature = "SelfSigned:892F1B43047B50538F2F46EAD92900DD3D4811F3582178C061A5FB20F111CB26"; lastKnownFileType = wrapper.xcframework; path = Lottie.xcframework; sourceTree = "<group>"; };
		F03D24A174338ED884DE72B0 /* MacAddLinkFeatureTests-Info.plist */ = {isa = PBXFileReference; lastKnownFileType = text.plist; path = "MacAddLinkFeatureTests-Info.plist"; sourceTree = "<group>"; };
/* End PBXFileReference section */

/* Begin PBXFrameworksBuildPhase section */
		16CB657CFBAFE4E5A0816D25 /* Frameworks */ = {
			isa = PBXFrameworksBuildPhase;
			buildActionMask = 2147483647;
			files = (
				484BE41D5AF3CAD3370C4CC6 /* Core.framework in Frameworks */,
				D110F396C91A8C6539E08293 /* DesignSystem.framework in Frameworks */,
				EB1650D67CF5BD6D3E54001F /* MacAddLinkFeature.framework in Frameworks */,
				782E7FD9B1EE6493A8CAB421 /* _LottieStub.framework in Frameworks */,
				D8849A4DE960E32E992E4E71 /* Lottie.xcframework in Frameworks */,
			);
			runOnlyForDeploymentPostprocessing = 0;
		};
		3681E5219E0381947C5398EF /* Frameworks */ = {
			isa = PBXFrameworksBuildPhase;
			buildActionMask = 2147483647;
			files = (
			);
			runOnlyForDeploymentPostprocessing = 0;
		};
		A8175C9E5FC6F16E3EBACC63 /* Frameworks */ = {
			isa = PBXFrameworksBuildPhase;
			buildActionMask = 2147483647;
			files = (
			);
			runOnlyForDeploymentPostprocessing = 0;
		};
		FC7F2A49757986140E8E0748 /* Frameworks */ = {
			isa = PBXFrameworksBuildPhase;
			buildActionMask = 2147483647;
			files = (
				808E073B2336868F1070C4C9 /* Core.framework in Frameworks */,
				5E5DD4268958CC400F891509 /* DesignSystem.framework in Frameworks */,
				CB17C2C86EDC840B83AE1C37 /* MacAddLinkFeature.framework in Frameworks */,
				68A05E1956C962BD13223D69 /* _LottieStub.framework in Frameworks */,
				E2547D6DDF239F8C759D18A3 /* Lottie.xcframework in Frameworks */,
			);
			runOnlyForDeploymentPostprocessing = 0;
		};
/* End PBXFrameworksBuildPhase section */

/* Begin PBXGroup section */
		1B303427B32F22EFDE13913B /* artifacts */ = {
			isa = PBXGroup;
			children = (
				509C4CA65321A4305773A572 /* lottie-spm */,
			);
			path = artifacts;
			sourceTree = "<group>";
		};
		2032687D062B277A22DD5212 /* Tests */ = {
			isa = PBXGroup;
			children = (
				B5CBAC7E341287946B00014F /* AddLinkTests.swift */,
			);
			path = Tests;
			sourceTree = "<group>";
		};
		24D113CB3D50FFF98E20A6C0 /* Example */ = {
			isa = PBXGroup;
			children = (
				55D071AC581F6BC3DDB4AEE6 /* App.swift */,
			);
			path = Example;
			sourceTree = "<group>";
		};
		2CD5A5C8848585A2807071E4 /* Lottie */ = {
			isa = PBXGroup;
			children = (
				EBD1D0E858AFBD725858922F /* Lottie.xcframework */,
			);
			path = Lottie;
			sourceTree = "<group>";
		};
		2FF306CFD7B12D6AD85933EA /* Sources */ = {
			isa = PBXGroup;
			children = (
				83C82726EA3143F28A19D8C0 /* AddLinkCategoryCard.swift */,
				7C640882A9124311B8B470AC /* AddLinkMainContentView.swift */,
				C4D35C057ED54D29B04E2E64 /* AddLinkToastViews.swift */,
				9A9F09155093C5A5C46F5291 /* AddLinkView.swift */,
			);
			path = Sources;
			sourceTree = "<group>";
		};
		4916D267F2F2FCCE71E89A31 /* .build */ = {
			isa = PBXGroup;
			children = (
				1B303427B32F22EFDE13913B /* artifacts */,
			);
			path = .build;
			sourceTree = "<group>";
		};
		509C4CA65321A4305773A572 /* lottie-spm */ = {
			isa = PBXGroup;
			children = (
				2CD5A5C8848585A2807071E4 /* Lottie */,
			);
			path = "lottie-spm";
			sourceTree = "<group>";
		};
		5CC57DD170D65965E2E3F4B7 /* Sources */ = {
			isa = PBXGroup;
			children = (
				0F8B56FAA7A5AC683C9C9504 /* TuistBundle+MacAddLinkFeature.swift */,
			);
			path = Sources;
			sourceTree = "<group>";
		};
		7026F60AC914536F2B25676C /* Tuist */ = {
			isa = PBXGroup;
			children = (
				4916D267F2F2FCCE71E89A31 /* .build */,
				EE2C6B4D41D30214A21CAAD8 /* Config */,
			);
			name = Tuist;
			path = ../../../Tuist;
			sourceTree = "<group>";
		};
		80B4F7F3BF2D09D71145A9EB = {
			isa = PBXGroup;
			children = (
				D4539676A6DAD737C50C1DAC /* Project */,
				8F62DA641FF8365DF4646B54 /* Products */,
			);
			indentWidth = 2;
			sourceTree = "<group>";
			tabWidth = 2;
			wrapsLines = 1;
		};
		8F62DA641FF8365DF4646B54 /* Products */ = {
			isa = PBXGroup;
			children = (
				A3F0071DFD3FBC82E385D814 /* _LottieStub.framework */,
				E1C029EDF2B310920368E9E8 /* Core_Core.bundle */,
				42326CCDAD038E3E54917D25 /* Core.framework */,
				414EAE793A5F9C6ED43BDF09 /* DesignSystem_DesignSystem.bundle */,
				E3CED1A6850DEDBA7DAED97E /* DesignSystem.framework */,
				0A8F3F4DBFE88C48F32A014C /* MacAddLinkFeature_MacAddLinkFeature.bundle */,
				DF6E53642E4164C67123B6A5 /* MacAddLinkFeature.framework */,
				98A436B860A74D172EA6635F /* MacAddLinkFeatureExample.app */,
				05214402EBFC923223261A8C /* MacAddLinkFeatureTests.xctest */,
			);
			name = Products;
			sourceTree = "<group>";
		};
		CA4E100AA1A9D5FF5FCC25BA /* InfoPlists */ = {
			isa = PBXGroup;
			children = (
				619CB9C0E13211DDC439B82D /* MacAddLinkFeature_MacAddLinkFeature-Info.plist */,
				6E3BCA51273D9519B8A754FE /* MacAddLinkFeature-Info.plist */,
				B79D9FE8A6B18B4EF1BEE0DB /* MacAddLinkFeatureExample-Info.plist */,
				F03D24A174338ED884DE72B0 /* MacAddLinkFeatureTests-Info.plist */,
			);
			path = InfoPlists;
			sourceTree = "<group>";
		};
		D4539676A6DAD737C50C1DAC /* Project */ = {
			isa = PBXGroup;
			children = (
				DCF107E0087C56EB285CF635 /* Derived */,
				24D113CB3D50FFF98E20A6C0 /* Example */,
				E7746A79493636359B98590F /* Resources */,
				2FF306CFD7B12D6AD85933EA /* Sources */,
				2032687D062B277A22DD5212 /* Tests */,
				7026F60AC914536F2B25676C /* Tuist */,
			);
			name = Project;
			sourceTree = "<group>";
		};
		DCF107E0087C56EB285CF635 /* Derived */ = {
			isa = PBXGroup;
			children = (
				CA4E100AA1A9D5FF5FCC25BA /* InfoPlists */,
				5CC57DD170D65965E2E3F4B7 /* Sources */,
			);
			path = Derived;
			sourceTree = "<group>";
		};
		E7746A79493636359B98590F /* Resources */ = {
			isa = PBXGroup;
			children = (
				6881ABE55B78B3324DAB6ADD /* placeholder.swift */,
			);
			path = Resources;
			sourceTree = "<group>";
		};
		EE2C6B4D41D30214A21CAAD8 /* Config */ = {
			isa = PBXGroup;
			children = (
				0D1392DF7FEE3FD8A85C262D /* Project.xcconfig */,
			);
			path = Config;
			sourceTree = "<group>";
		};
/* End PBXGroup section */

/* Begin PBXNativeTarget section */
		522D70A0CC9C5396BA917892 /* MacAddLinkFeatureExample */ = {
			isa = PBXNativeTarget;
			buildConfigurationList = 862AB864AC7C4D9A3621F8D4 /* Build configuration list for PBXNativeTarget "MacAddLinkFeatureExample" */;
			buildPhases = (
				B799CAD45FC5B0B8B6B6BCB4 /* Sources */,
				98BD8B5378AC58785567DE34 /* Resources */,
				16CB657CFBAFE4E5A0816D25 /* Frameworks */,
				859EFB3AED0C0E9BD7E9852F /* Embed Frameworks */,
				12E638A131EB24579C10147D /* Dependencies */,
			);
			buildRules = (
			);
			dependencies = (
				532A48DB433EF13A5E825E9F /* PBXTargetDependency */,
			);
			name = MacAddLinkFeatureExample;
			packageProductDependencies = (
			);
			productName = MacAddLinkFeatureExample;
			productReference = 98A436B860A74D172EA6635F /* MacAddLinkFeatureExample.app */;
			productType = "com.apple.product-type.application";
		};
		6FB7CC0B21CE46E54EB13117 /* MacAddLinkFeature */ = {
			isa = PBXNativeTarget;
			buildConfigurationList = 66AF0F5BD7C358458340D1EC /* Build configuration list for PBXNativeTarget "MacAddLinkFeature" */;
			buildPhases = (
				8FD708E3B08A6DAF4B9B18A3 /* Sources */,
				7E2F8F65DC6BBD7E039E11B3 /* Resources */,
				3681E5219E0381947C5398EF /* Frameworks */,
				D2CB607D380C65ACE608F6EE /* Embed Frameworks */,
				430ECC9E34A6607B703D4520 /* Dependencies */,
			);
			buildRules = (
			);
			dependencies = (
				7BE4F05400478954E42CA0FA /* PBXTargetDependency */,
			);
			name = MacAddLinkFeature;
			packageProductDependencies = (
			);
			productName = MacAddLinkFeature;
			productReference = DF6E53642E4164C67123B6A5 /* MacAddLinkFeature.framework */;
			productType = "com.apple.product-type.framework";
		};
		B47CFF5ECD4DABD347BD460E /* MacAddLinkFeatureTests */ = {
			isa = PBXNativeTarget;
			buildConfigurationList = 40CFDECF2CFF954D49EA809B /* Build configuration list for PBXNativeTarget "MacAddLinkFeatureTests" */;
			buildPhases = (
				034A9A52AC9106CFDC698A40 /* Sources */,
				5781F1B9437AA96F73978C22 /* Resources */,
				FC7F2A49757986140E8E0748 /* Frameworks */,
				671824C7FF0733613042F774 /* Embed Frameworks */,
				AB84375C1C072E54406E5646 /* Dependencies */,
			);
			buildRules = (
			);
			dependencies = (
				5597ADC7039BDA806EC15A87 /* PBXTargetDependency */,
			);
			name = MacAddLinkFeatureTests;
			packageProductDependencies = (
			);
			productName = MacAddLinkFeatureTests;
			productReference = 05214402EBFC923223261A8C /* MacAddLinkFeatureTests.xctest */;
			productType = "com.apple.product-type.bundle.unit-test";
		};
		FF2DB6B32C622AB068EBCC7F /* MacAddLinkFeature_MacAddLinkFeature */ = {
			isa = PBXNativeTarget;
			buildConfigurationList = 45C747C39F5456426D9DF7B6 /* Build configuration list for PBXNativeTarget "MacAddLinkFeature_MacAddLinkFeature" */;
			buildPhases = (
				6562A08FFBDFE606A2C32700 /* Sources */,
				C85713A7585B74C87796120D /* Resources */,
				A8175C9E5FC6F16E3EBACC63 /* Frameworks */,
				EB223F3F42EC14D6143C154C /* Embed Frameworks */,
			);
			buildRules = (
			);
			dependencies = (
			);
			name = MacAddLinkFeature_MacAddLinkFeature;
			packageProductDependencies = (
			);
			productName = MacAddLinkFeature_MacAddLinkFeature;
			productReference = 0A8F3F4DBFE88C48F32A014C /* MacAddLinkFeature_MacAddLinkFeature.bundle */;
			productType = "com.apple.product-type.bundle";
		};
/* End PBXNativeTarget section */

/* Begin PBXProject section */
		7A083CA5D87382C3DFC89E50 /* Project object */ = {
			isa = PBXProject;
			attributes = {
				BuildIndependentTargetsInParallel = YES;
			};
			buildConfigurationList = D7DCEEB7DECE5A12EEE84106 /* Build configuration list for PBXProject "MacAddLinkFeature" */;
			compatibilityVersion = "Xcode 14.0";
			developmentRegion = en;
			hasScannedForEncodings = 0;
			knownRegions = (
				Base,
				en,
			);
			mainGroup = 80B4F7F3BF2D09D71145A9EB;
			productRefGroup = 8F62DA641FF8365DF4646B54 /* Products */;
			projectDirPath = "";
			projectRoot = "";
			targets = (
				6FB7CC0B21CE46E54EB13117 /* MacAddLinkFeature */,
				522D70A0CC9C5396BA917892 /* MacAddLinkFeatureExample */,
				B47CFF5ECD4DABD347BD460E /* MacAddLinkFeatureTests */,
				FF2DB6B32C622AB068EBCC7F /* MacAddLinkFeature_MacAddLinkFeature */,
			);
		};
/* End PBXProject section */

/* Begin PBXResourcesBuildPhase section */
		5781F1B9437AA96F73978C22 /* Resources */ = {
			isa = PBXResourcesBuildPhase;
			buildActionMask = 2147483647;
			files = (
				76E6C47D2FE13BBEE5BE349E /* Core_Core.bundle in Resources */,
				48D484FBFB6D723634BE8A1E /* DesignSystem_DesignSystem.bundle in Resources */,
				A43AD1C5CF63FCC76D3348A9 /* MacAddLinkFeature_MacAddLinkFeature.bundle in Resources */,
			);
			runOnlyForDeploymentPostprocessing = 0;
		};
		7E2F8F65DC6BBD7E039E11B3 /* Resources */ = {
			isa = PBXResourcesBuildPhase;
			buildActionMask = 2147483647;
			files = (
			);
			runOnlyForDeploymentPostprocessing = 0;
		};
		98BD8B5378AC58785567DE34 /* Resources */ = {
			isa = PBXResourcesBuildPhase;
			buildActionMask = 2147483647;
			files = (
				39D4E88012568387B1D04E51 /* Core_Core.bundle in Resources */,
				9981FAC7982098810574911B /* DesignSystem_DesignSystem.bundle in Resources */,
				AEA4B037CB69F3493C838C61 /* MacAddLinkFeature_MacAddLinkFeature.bundle in Resources */,
			);
			runOnlyForDeploymentPostprocessing = 0;
		};
		C85713A7585B74C87796120D /* Resources */ = {
			isa = PBXResourcesBuildPhase;
			buildActionMask = 2147483647;
			files = (
				FB82FDA80D484AD2C3C23D0E /* placeholder.swift in Resources */,
			);
			runOnlyForDeploymentPostprocessing = 0;
		};
/* End PBXResourcesBuildPhase section */

/* Begin PBXSourcesBuildPhase section */
		034A9A52AC9106CFDC698A40 /* Sources */ = {
			isa = PBXSourcesBuildPhase;
			buildActionMask = 2147483647;
			files = (
				BAC23AD33036C632336810A9 /* AddLinkTests.swift in Sources */,
			);
			runOnlyForDeploymentPostprocessing = 0;
		};
		6562A08FFBDFE606A2C32700 /* Sources */ = {
			isa = PBXSourcesBuildPhase;
			buildActionMask = 2147483647;
			files = (
			);
			runOnlyForDeploymentPostprocessing = 0;
		};
		8FD708E3B08A6DAF4B9B18A3 /* Sources */ = {
			isa = PBXSourcesBuildPhase;
			buildActionMask = 2147483647;
			files = (
				01D37453566F73E270ADC4AC /* TuistBundle+MacAddLinkFeature.swift in Sources */,
				2B1F0CE5972B4AFD9B892B66 /* AddLinkCategoryCard.swift in Sources */,
				1F3A01B941C84D08A9C7B621 /* AddLinkMainContentView.swift in Sources */,
				36C14603C7684099B5D2E78F /* AddLinkToastViews.swift in Sources */,
				2560F743D8CCE41B838F6982 /* AddLinkView.swift in Sources */,
			);
			runOnlyForDeploymentPostprocessing = 0;
		};
		B799CAD45FC5B0B8B6B6BCB4 /* Sources */ = {
			isa = PBXSourcesBuildPhase;
			buildActionMask = 2147483647;
			files = (
				1D5D5297F3C3F1506C4FFB6A /* App.swift in Sources */,
			);
			runOnlyForDeploymentPostprocessing = 0;
		};
/* End PBXSourcesBuildPhase section */

/* Begin PBXTargetDependency section */
		532A48DB433EF13A5E825E9F /* PBXTargetDependency */ = {
			isa = PBXTargetDependency;
			name = MacAddLinkFeature;
			target = 6FB7CC0B21CE46E54EB13117 /* MacAddLinkFeature */;
			targetProxy = 248AF3378773BE047C283241 /* PBXContainerItemProxy */;
		};
		5597ADC7039BDA806EC15A87 /* PBXTargetDependency */ = {
			isa = PBXTargetDependency;
			name = MacAddLinkFeature;
			target = 6FB7CC0B21CE46E54EB13117 /* MacAddLinkFeature */;
			targetProxy = 6228812567EC0E87D019E70A /* PBXContainerItemProxy */;
		};
		7BE4F05400478954E42CA0FA /* PBXTargetDependency */ = {
			isa = PBXTargetDependency;
			name = MacAddLinkFeature_MacAddLinkFeature;
			target = FF2DB6B32C622AB068EBCC7F /* MacAddLinkFeature_MacAddLinkFeature */;
			targetProxy = 3FDA09854C35535484BDFB8F /* PBXContainerItemProxy */;
		};
/* End PBXTargetDependency section */

/* Begin XCBuildConfiguration section */
		1E67372F1928086B78AA948C /* Release */ = {
			isa = XCBuildConfiguration;
			baseConfigurationReference = 0D1392DF7FEE3FD8A85C262D /* Project.xcconfig */;
			buildSettings = {
				APS_ENVIRONMENT = production;
				ASSETCATALOG_COMPILER_APPICON_NAME = AppIcon;
				ASSETCATALOG_COMPILER_GLOBAL_ACCENT_COLOR_NAME = AccentColor;
				CODE_SIGN_IDENTITY = "$(CODE_SIGN_IDENTITY)";
				CODE_SIGN_STYLE = Manual;
				COMBINE_HIDPI_IMAGES = YES;
				DEVELOPMENT_TEAM = "$(DEVELOPMENT_TEAM)";
				ENABLE_PREVIEWS = YES;
				FRAMEWORK_SEARCH_PATHS = (
					"$(inherited)",
					"$(SRCROOT)/../../../Tuist/.build/artifacts/lottie-spm/Lottie",
				);
				INFOPLIST_FILE = "Derived/InfoPlists/MacAddLinkFeatureExample-Info.plist";
				INFOPLIST_KEY_CFBundleDisplayName = "탭탭";
				LD_RUNPATH_SEARCH_PATHS = (
					"$(inherited)",
					"@executable_path/../Frameworks",
				);
				MACOSX_DEPLOYMENT_TARGET = 15.0;
				PRODUCT_BUNDLE_IDENTIFIER = com.Nbs.dev.ADA.app;
				PRODUCT_NAME = MacAddLinkFeatureExample;
				PROVISIONING_PROFILE_SPECIFIER = "$(PROV_PROFILE_APP_RELEASE)";
				SDKROOT = macosx;
				SWIFT_COMPILATION_MODE = wholemodule;
				SWIFT_OPTIMIZATION_LEVEL = "-O";
				SWIFT_VERSION = 5.0;
			};
			name = Release;
		};
		2934018A483B0A87F60D42CD /* Release */ = {
			isa = XCBuildConfiguration;
			baseConfigurationReference = 0D1392DF7FEE3FD8A85C262D /* Project.xcconfig */;
			buildSettings = {
				APS_ENVIRONMENT = production;
				ASSETCATALOG_COMPILER_APPICON_NAME = AppIcon;
				CODE_SIGN_IDENTITY = "$(CODE_SIGN_IDENTITY)";
				CODE_SIGN_STYLE = Manual;
				COMBINE_HIDPI_IMAGES = YES;
				CURRENT_PROJECT_VERSION = 1;
				DEFINES_MODULE = YES;
				DEVELOPMENT_TEAM = "$(DEVELOPMENT_TEAM)";
				DYLIB_COMPATIBILITY_VERSION = 1;
				DYLIB_CURRENT_VERSION = 1;
				DYLIB_INSTALL_NAME_BASE = "@rpath";
				FRAMEWORK_VERSION = A;
				INFOPLIST_FILE = "Derived/InfoPlists/MacAddLinkFeature-Info.plist";
				INFOPLIST_KEY_CFBundleDisplayName = MacAddLinkFeature;
				INSTALL_PATH = "$(LOCAL_LIBRARY_DIR)/Frameworks";
				LD_RUNPATH_SEARCH_PATHS = (
					"$(inherited)",
					"@executable_path/../Frameworks",
					"@loader_path/../Frameworks",
				);
				MACH_O_TYPE = staticlib;
				MACOSX_DEPLOYMENT_TARGET = 15.0;
				PRODUCT_BUNDLE_IDENTIFIER = com.Nbs.dev.app.MacAddLinkFeature;
				PRODUCT_NAME = MacAddLinkFeature;
				SDKROOT = macosx;
				SKIP_INSTALL = YES;
				SWIFT_COMPILATION_MODE = wholemodule;
				SWIFT_OPTIMIZATION_LEVEL = "-O";
				SWIFT_VERSION = 5.0;
				VERSIONING_SYSTEM = "apple-generic";
				VERSION_INFO_PREFIX = "";
			};
			name = Release;
		};
		33A8D48D1379CBB7E029DD96 /* Debug */ = {
			isa = XCBuildConfiguration;
			baseConfigurationReference = 0D1392DF7FEE3FD8A85C262D /* Project.xcconfig */;
			buildSettings = {
				APS_ENVIRONMENT = development;
				CODE_SIGN_IDENTITY = "$(CODE_SIGN_IDENTITY)";
				CODE_SIGN_STYLE = Manual;
				DEVELOPMENT_TEAM = "$(DEVELOPMENT_TEAM)";
				FRAMEWORK_SEARCH_PATHS = (
					"$(inherited)",
					"$(SRCROOT)/../../../Tuist/.build/artifacts/lottie-spm/Lottie",
				);
				INFOPLIST_FILE = "Derived/InfoPlists/MacAddLinkFeatureTests-Info.plist";
				LD_RUNPATH_SEARCH_PATHS = (
					"$(inherited)",
					"@executable_path/../Frameworks",
					"@loader_path/../Frameworks",
					"$(SRCROOT)/../../../Tuist/.build/artifacts/lottie-spm/Lottie",
				);
				MACOSX_DEPLOYMENT_TARGET = 15.0;
				PRODUCT_BUNDLE_IDENTIFIER = com.Nbs.dev.app.MacAddLinkFeatureTests;
				PRODUCT_NAME = MacAddLinkFeatureTests;
				SDKROOT = macosx;
				SWIFT_ACTIVE_COMPILATION_CONDITIONS = "$(inherited) DEBUG";
				SWIFT_COMPILATION_MODE = singlefile;
				SWIFT_OPTIMIZATION_LEVEL = "-Onone";
				SWIFT_VERSION = 5.0;
			};
			name = Debug;
		};
		3871B82872E22F1452703087 /* Debug */ = {
			isa = XCBuildConfiguration;
			baseConfigurationReference = 0D1392DF7FEE3FD8A85C262D /* Project.xcconfig */;
			buildSettings = {
				APS_ENVIRONMENT = development;
				ASSETCATALOG_COMPILER_APPICON_NAME = AppIconDev;
				ASSETCATALOG_COMPILER_GLOBAL_ACCENT_COLOR_NAME = AccentColor;
				CODE_SIGN_IDENTITY = "$(CODE_SIGN_IDENTITY)";
				CODE_SIGN_STYLE = Manual;
				COMBINE_HIDPI_IMAGES = YES;
				DEVELOPMENT_TEAM = "$(DEVELOPMENT_TEAM)";
				ENABLE_PREVIEWS = YES;
				FRAMEWORK_SEARCH_PATHS = (
					"$(inherited)",
					"$(SRCROOT)/../../../Tuist/.build/artifacts/lottie-spm/Lottie",
				);
				INFOPLIST_FILE = "Derived/InfoPlists/MacAddLinkFeatureExample-Info.plist";
				LD_RUNPATH_SEARCH_PATHS = (
					"$(inherited)",
					"@executable_path/../Frameworks",
				);
				MACOSX_DEPLOYMENT_TARGET = 15.0;
				PRODUCT_BUNDLE_IDENTIFIER = com.Nbs.dev.app;
				PRODUCT_NAME = MacAddLinkFeatureExample;
				PROVISIONING_PROFILE_SPECIFIER = "$(PROV_PROFILE_APP_DEV)";
				SDKROOT = macosx;
				SWIFT_ACTIVE_COMPILATION_CONDITIONS = "$(inherited) DEBUG";
				SWIFT_COMPILATION_MODE = singlefile;
				SWIFT_OPTIMIZATION_LEVEL = "-Onone";
				SWIFT_VERSION = 5.0;
			};
			name = Debug;
		};
		4F5D2F79ECEEA99429F62222 /* Release */ = {
			isa = XCBuildConfiguration;
			buildSettings = {
				CODE_SIGNING_ALLOWED = NO;
				CODE_SIGN_IDENTITY = "-";
				GENERATE_MASTER_OBJECT_FILE = NO;
				INFOPLIST_FILE = "Derived/InfoPlists/MacAddLinkFeature_MacAddLinkFeature-Info.plist";
				MACOSX_DEPLOYMENT_TARGET = 15.0;
				PRODUCT_BUNDLE_IDENTIFIER = com.Nbs.dev.app.MacAddLinkFeature.generated.resources;
				PRODUCT_NAME = MacAddLinkFeature_MacAddLinkFeature;
				SDKROOT = macosx;
				SKIP_INSTALL = YES;
				SWIFT_COMPILATION_MODE = wholemodule;
				SWIFT_OPTIMIZATION_LEVEL = "-O";
				SWIFT_VERSION = 5.0;
				VERSIONING_SYSTEM = "";
			};
			name = Release;
		};
		5C1F2977513A0AD4D8269C97 /* Debug */ = {
			isa = XCBuildConfiguration;
			baseConfigurationReference = 0D1392DF7FEE3FD8A85C262D /* Project.xcconfig */;
			buildSettings = {
				APS_ENVIRONMENT = development;
				CODE_SIGN_IDENTITY = "$(CODE_SIGN_IDENTITY)";
				CODE_SIGN_STYLE = Manual;
				COMBINE_HIDPI_IMAGES = YES;
				CURRENT_PROJECT_VERSION = 1;
				DEFINES_MODULE = YES;
				DEVELOPMENT_TEAM = "$(DEVELOPMENT_TEAM)";
				DYLIB_COMPATIBILITY_VERSION = 1;
				DYLIB_CURRENT_VERSION = 1;
				DYLIB_INSTALL_NAME_BASE = "@rpath";
				FRAMEWORK_VERSION = A;
				INFOPLIST_FILE = "Derived/InfoPlists/MacAddLinkFeature-Info.plist";
				INSTALL_PATH = "$(LOCAL_LIBRARY_DIR)/Frameworks";
				LD_RUNPATH_SEARCH_PATHS = (
					"$(inherited)",
					"@executable_path/../Frameworks",
					"@loader_path/../Frameworks",
				);
				MACH_O_TYPE = staticlib;
				MACOSX_DEPLOYMENT_TARGET = 15.0;
				PRODUCT_BUNDLE_IDENTIFIER = com.Nbs.dev.app.MacAddLinkFeature;
				PRODUCT_NAME = MacAddLinkFeature;
				SDKROOT = macosx;
				SKIP_INSTALL = YES;
				SWIFT_ACTIVE_COMPILATION_CONDITIONS = "$(inherited) DEBUG";
				SWIFT_COMPILATION_MODE = singlefile;
				SWIFT_OPTIMIZATION_LEVEL = "-Onone";
				SWIFT_VERSION = 5.0;
				VERSIONING_SYSTEM = "apple-generic";
				VERSION_INFO_PREFIX = "";
			};
			name = Debug;
		};
		5F04595215FCC0FD87B1DA5C /* Debug */ = {
			isa = XCBuildConfiguration;
			buildSettings = {
				ALWAYS_SEARCH_USER_PATHS = NO;
				CLANG_ANALYZER_LOCALIZABILITY_NONLOCALIZED = YES;
				CLANG_ANALYZER_NONNULL = YES;
				CLANG_ANALYZER_NUMBER_OBJECT_CONVERSION = YES_AGGRESSIVE;
				CLANG_CXX_LANGUAGE_STANDARD = "gnu++14";
				CLANG_CXX_LIBRARY = "libc++";
				CLANG_ENABLE_MODULES = YES;
				CLANG_ENABLE_OBJC_ARC = YES;
				CLANG_ENABLE_OBJC_WEAK = YES;
				CLANG_WARN_BLOCK_CAPTURE_AUTORELEASING = YES;
				CLANG_WARN_BOOL_CONVERSION = YES;
				CLANG_WARN_COMMA = YES;
				CLANG_WARN_CONSTANT_CONVERSION = YES;
				CLANG_WARN_DEPRECATED_OBJC_IMPLEMENTATIONS = YES;
				CLANG_WARN_DIRECT_OBJC_ISA_USAGE = YES_ERROR;
				CLANG_WARN_DOCUMENTATION_COMMENTS = YES;
				CLANG_WARN_EMPTY_BODY = YES;
				CLANG_WARN_ENUM_CONVERSION = YES;
				CLANG_WARN_INFINITE_RECURSION = YES;
				CLANG_WARN_INT_CONVERSION = YES;
				CLANG_WARN_NON_LITERAL_NULL_CONVERSION = YES;
				CLANG_WARN_OBJC_IMPLICIT_RETAIN_SELF = YES;
				CLANG_WARN_OBJC_LITERAL_CONVERSION = YES;
				CLANG_WARN_OBJC_ROOT_CLASS = YES_ERROR;
				CLANG_WARN_QUOTED_INCLUDE_IN_FRAMEWORK_HEADER = YES;
				CLANG_WARN_RANGE_LOOP_ANALYSIS = YES;
				CLANG_WARN_STRICT_PROTOTYPES = YES;
				CLANG_WARN_SUSPICIOUS_MOVE = YES;
				CLANG_WARN_UNGUARDED_AVAILABILITY = YES_AGGRESSIVE;
				CLANG_WARN_UNREACHABLE_CODE = YES;
				CLANG_WARN__DUPLICATE_METHOD_MATCH = YES;
				COPY_PHASE_STRIP = NO;
				DEAD_CODE_STRIPPING = YES;
				DEBUG_INFORMATION_FORMAT = dwarf;
				ENABLE_STRICT_OBJC_MSGSEND = YES;
				ENABLE_TESTABILITY = YES;
				GCC_C_LANGUAGE_STANDARD = gnu11;
				GCC_DYNAMIC_NO_PIC = NO;
				GCC_NO_COMMON_BLOCKS = YES;
				GCC_OPTIMIZATION_LEVEL = 0;
				GCC_PREPROCESSOR_DEFINITIONS = (
					"DEBUG=1",
					"$(inherited)",
				);
				GCC_WARN_64_TO_32_BIT_CONVERSION = YES;
				GCC_WARN_ABOUT_RETURN_TYPE = YES_ERROR;
				GCC_WARN_UNDECLARED_SELECTOR = YES;
				GCC_WARN_UNINITIALIZED_AUTOS = YES_AGGRESSIVE;
				GCC_WARN_UNUSED_FUNCTION = YES;
				GCC_WARN_UNUSED_VARIABLE = YES;
				MTL_ENABLE_DEBUG_INFO = YES;
				ONLY_ACTIVE_ARCH = YES;
				PRODUCT_NAME = "$(TARGET_NAME)";
			};
			name = Debug;
		};
		776367E7B9C7221BE9D1EAEA /* Release */ = {
			isa = XCBuildConfiguration;
			baseConfigurationReference = 0D1392DF7FEE3FD8A85C262D /* Project.xcconfig */;
			buildSettings = {
				APS_ENVIRONMENT = production;
				ASSETCATALOG_COMPILER_APPICON_NAME = AppIcon;
				CODE_SIGN_IDENTITY = "$(CODE_SIGN_IDENTITY)";
				CODE_SIGN_STYLE = Manual;
				DEVELOPMENT_TEAM = "$(DEVELOPMENT_TEAM)";
				FRAMEWORK_SEARCH_PATHS = (
					"$(inherited)",
					"$(SRCROOT)/../../../Tuist/.build/artifacts/lottie-spm/Lottie",
				);
				INFOPLIST_FILE = "Derived/InfoPlists/MacAddLinkFeatureTests-Info.plist";
				INFOPLIST_KEY_CFBundleDisplayName = MacAddLinkFeatureTests;
				LD_RUNPATH_SEARCH_PATHS = (
					"$(inherited)",
					"@executable_path/../Frameworks",
					"@loader_path/../Frameworks",
					"$(SRCROOT)/../../../Tuist/.build/artifacts/lottie-spm/Lottie",
				);
				MACOSX_DEPLOYMENT_TARGET = 15.0;
				PRODUCT_BUNDLE_IDENTIFIER = com.Nbs.dev.app.MacAddLinkFeatureTests;
				PRODUCT_NAME = MacAddLinkFeatureTests;
				SDKROOT = macosx;
				SWIFT_COMPILATION_MODE = wholemodule;
				SWIFT_OPTIMIZATION_LEVEL = "-O";
				SWIFT_VERSION = 5.0;
			};
			name = Release;
		};
		BC30E05FBB3366AAAE99373B /* Debug */ = {
			isa = XCBuildConfiguration;
			buildSettings = {
				CODE_SIGNING_ALLOWED = NO;
				CODE_SIGN_IDENTITY = "-";
				GENERATE_MASTER_OBJECT_FILE = NO;
				INFOPLIST_FILE = "Derived/InfoPlists/MacAddLinkFeature_MacAddLinkFeature-Info.plist";
				MACOSX_DEPLOYMENT_TARGET = 15.0;
				PRODUCT_BUNDLE_IDENTIFIER = com.Nbs.dev.app.MacAddLinkFeature.generated.resources;
				PRODUCT_NAME = MacAddLinkFeature_MacAddLinkFeature;
				SDKROOT = macosx;
				SKIP_INSTALL = YES;
				SWIFT_ACTIVE_COMPILATION_CONDITIONS = "$(inherited) DEBUG";
				SWIFT_COMPILATION_MODE = singlefile;
				SWIFT_OPTIMIZATION_LEVEL = "-Onone";
				SWIFT_VERSION = 5.0;
				VERSIONING_SYSTEM = "";
			};
			name = Debug;
		};
		D91E79DCBE2CB39B892D2469 /* Release */ = {
			isa = XCBuildConfiguration;
			buildSettings = {
				ALWAYS_SEARCH_USER_PATHS = NO;
				CLANG_ANALYZER_LOCALIZABILITY_NONLOCALIZED = YES;
				CLANG_ANALYZER_NONNULL = YES;
				CLANG_ANALYZER_NUMBER_OBJECT_CONVERSION = YES_AGGRESSIVE;
				CLANG_CXX_LANGUAGE_STANDARD = "gnu++14";
				CLANG_CXX_LIBRARY = "libc++";
				CLANG_ENABLE_MODULES = YES;
				CLANG_ENABLE_OBJC_ARC = YES;
				CLANG_ENABLE_OBJC_WEAK = YES;
				CLANG_WARN_BLOCK_CAPTURE_AUTORELEASING = YES;
				CLANG_WARN_BOOL_CONVERSION = YES;
				CLANG_WARN_COMMA = YES;
				CLANG_WARN_CONSTANT_CONVERSION = YES;
				CLANG_WARN_DEPRECATED_OBJC_IMPLEMENTATIONS = YES;
				CLANG_WARN_DIRECT_OBJC_ISA_USAGE = YES_ERROR;
				CLANG_WARN_DOCUMENTATION_COMMENTS = YES;
				CLANG_WARN_EMPTY_BODY = YES;
				CLANG_WARN_ENUM_CONVERSION = YES;
				CLANG_WARN_INFINITE_RECURSION = YES;
				CLANG_WARN_INT_CONVERSION = YES;
				CLANG_WARN_NON_LITERAL_NULL_CONVERSION = YES;
				CLANG_WARN_OBJC_IMPLICIT_RETAIN_SELF = YES;
				CLANG_WARN_OBJC_LITERAL_CONVERSION = YES;
				CLANG_WARN_OBJC_ROOT_CLASS = YES_ERROR;
				CLANG_WARN_QUOTED_INCLUDE_IN_FRAMEWORK_HEADER = YES;
				CLANG_WARN_RANGE_LOOP_ANALYSIS = YES;
				CLANG_WARN_STRICT_PROTOTYPES = YES;
				CLANG_WARN_SUSPICIOUS_MOVE = YES;
				CLANG_WARN_UNGUARDED_AVAILABILITY = YES_AGGRESSIVE;
				CLANG_WARN_UNREACHABLE_CODE = YES;
				CLANG_WARN__DUPLICATE_METHOD_MATCH = YES;
				COPY_PHASE_STRIP = NO;
				DEAD_CODE_STRIPPING = YES;
				DEBUG_INFORMATION_FORMAT = "dwarf-with-dsym";
				ENABLE_NS_ASSERTIONS = NO;
				ENABLE_STRICT_OBJC_MSGSEND = YES;
				GCC_C_LANGUAGE_STANDARD = gnu11;
				GCC_NO_COMMON_BLOCKS = YES;
				GCC_WARN_64_TO_32_BIT_CONVERSION = YES;
				GCC_WARN_ABOUT_RETURN_TYPE = YES_ERROR;
				GCC_WARN_UNDECLARED_SELECTOR = YES;
				GCC_WARN_UNINITIALIZED_AUTOS = YES_AGGRESSIVE;
				GCC_WARN_UNUSED_FUNCTION = YES;
				GCC_WARN_UNUSED_VARIABLE = YES;
				MTL_ENABLE_DEBUG_INFO = NO;
				PRODUCT_NAME = "$(TARGET_NAME)";
				VALIDATE_PRODUCT = YES;
			};
			name = Release;
		};
/* End XCBuildConfiguration section */

/* Begin XCConfigurationList section */
		40CFDECF2CFF954D49EA809B /* Build configuration list for PBXNativeTarget "MacAddLinkFeatureTests" */ = {
			isa = XCConfigurationList;
			buildConfigurations = (
				33A8D48D1379CBB7E029DD96 /* Debug */,
				776367E7B9C7221BE9D1EAEA /* Release */,
			);
			defaultConfigurationIsVisible = 0;
			defaultConfigurationName = Release;
		};
		45C747C39F5456426D9DF7B6 /* Build configuration list for PBXNativeTarget "MacAddLinkFeature_MacAddLinkFeature" */ = {
			isa = XCConfigurationList;
			buildConfigurations = (
				BC30E05FBB3366AAAE99373B /* Debug */,
				4F5D2F79ECEEA99429F62222 /* Release */,
			);
			defaultConfigurationIsVisible = 0;
			defaultConfigurationName = Release;
		};
		66AF0F5BD7C358458340D1EC /* Build configuration list for PBXNativeTarget "MacAddLinkFeature" */ = {
			isa = XCConfigurationList;
			buildConfigurations = (
				5C1F2977513A0AD4D8269C97 /* Debug */,
				2934018A483B0A87F60D42CD /* Release */,
			);
			defaultConfigurationIsVisible = 0;
			defaultConfigurationName = Release;
		};
		862AB864AC7C4D9A3621F8D4 /* Build configuration list for PBXNativeTarget "MacAddLinkFeatureExample" */ = {
			isa = XCConfigurationList;
			buildConfigurations = (
				3871B82872E22F1452703087 /* Debug */,
				1E67372F1928086B78AA948C /* Release */,
			);
			defaultConfigurationIsVisible = 0;
			defaultConfigurationName = Release;
		};
		D7DCEEB7DECE5A12EEE84106 /* Build configuration list for PBXProject "MacAddLinkFeature" */ = {
			isa = XCConfigurationList;
			buildConfigurations = (
				5F04595215FCC0FD87B1DA5C /* Debug */,
				D91E79DCBE2CB39B892D2469 /* Release */,
			);
			defaultConfigurationIsVisible = 0;
			defaultConfigurationName = Release;
		};
/* End XCConfigurationList section */
	};
	rootObject = 7A083CA5D87382C3DFC89E50 /* Project object */;
}
